
Microsoft Visual Studio Solution File, Format Version 12.00
# Visual Studio Version 17
VisualStudioVersion = 17.6.33723.286
MinimumVisualStudioVersion = 10.0.40219.1
Project("{9A19103F-16F7-4668-BE54-9A1E7A4F7556}") = "FrequencyQuerySolver", "FrequencyQuerySolver\FrequencyQuerySolver.csproj", "{9C64FEF1-E5DE-4C4C-A580-8191BA2AFAFF}"
EndProject
Project("{FAE04EC0-301F-11D3-BF4B-00C04F79EFBC}") = "FrequencyQuerySolverTests", "FrequencyQuerySolverTest\FrequencyQuerySolverTests.csproj", "{6FC490F4-6139-4C0A-9469-5F8992BE6632}"
EndProject
Global
	GlobalSection(SolutionConfigurationPlatforms) = preSolution
		Debug|Any CPU = Debug|Any CPU
		Release|Any CPU = Release|Any CPU
	EndGlobalSection
	GlobalSection(ProjectConfigurationPlatforms) = postSolution
		{9C64FEF1-E5DE-4C4C-A580-8191BA2AFAFF}.Debug|Any CPU.ActiveCfg = Debug|Any CPU
		{9C64FEF1-E5DE-4C4C-A580-8191BA2AFAFF}.Debug|Any CPU.Build.0 = Debug|Any CPU
		{9C64FEF1-E5DE-4C4C-A580-8191BA2AFAFF}.Release|Any CPU.ActiveCfg = Release|Any CPU
		{9C64FEF1-E5DE-4C4C-A580-8191BA2AFAFF}.Release|Any CPU.Build.0 = Release|Any CPU
		{6FC490F4-6139-4C0A-9469-5F8992BE6632}.Debug|Any CPU.ActiveCfg = Debug|Any CPU
		{6FC490F4-6139-4C0A-9469-5F8992BE6632}.Debug|Any CPU.Build.0 = Debug|Any CPU
		{6FC490F4-6139-4C0A-9469-5F8992BE6632}.Release|Any CPU.ActiveCfg = Release|Any CPU
		{6FC490F4-6139-4C0A-9469-5F8992BE6632}.Release|Any CPU.Build.0 = Release|Any CPU
	EndGlobalSection
	GlobalSection(SolutionProperties) = preSolution
		HideSolutionNode = FALSE
	EndGlobalSection
	GlobalSection(ExtensibilityGlobals) = postSolution
		SolutionGuid = {9683D1FB-E4A6-400D-99C7-EEEAB91AE155}
	EndGlobalSection
EndGlobal
